# THIS IS AN AUTOGENERATED FILE. DO NOT EDIT THIS FILE DIRECTLY.
# yarn lockfile v1


"@babel/runtime@^7.0.0":
  version "7.6.0"
  resolved "https://registry.yarnpkg.com/@babel/runtime/-/runtime-7.6.0.tgz#4fc1d642a9fd0299754e8b5de62c631cf5568205"
  integrity sha512-89eSBLJsxNxOERC0Op4vd+0Bqm6wRMqMbFtV3i0/fbaWw/mJ8Q3eBvgX0G4SyrOOLCtbu98HspF8o09MRT+KzQ==
  dependencies:
    regenerator-runtime "^0.13.2"

"@formatjs/intl-relativetimeformat@^3.1.0":
  version "3.1.0"
  resolved "https://registry.yarnpkg.com/@formatjs/intl-relativetimeformat/-/intl-relativetimeformat-3.1.0.tgz#a657d67e8e26a5985d72a80699be874c9bc470d3"
  integrity sha512-xSW9RMJtZZTGAlT7qCom+0INLYgshowpBN0Xf+j4kME+U/g/ogTVRFeGvCZX3nDQ21vdTHAabR3AIGQRX7NU1g==
  dependencies:
    "@formatjs/intl-utils" "^1.1.0"

"@formatjs/intl-unified-numberformat@^0.5.0":
  version "0.5.2"
  resolved "https://registry.yarnpkg.com/@formatjs/intl-unified-numberformat/-/intl-unified-numberformat-0.5.2.tgz#c530d312f14d6c08ca4eb38bdcd25d73520cc29f"
  integrity sha512-b/Oh/e1wIrGhS8mZaEphqzzXvadir9zegqNsRo3QKQwYuiBRHLupk0st1NTyUwVTy9lI58HpL0U/RJxqki8diQ==
  dependencies:
    "@formatjs/intl-utils" "^1.1.1"

"@formatjs/intl-utils@^1.1.0", "@formatjs/intl-utils@^1.1.1":
  version "1.2.0"
  resolved "https://registry.yarnpkg.com/@formatjs/intl-utils/-/intl-utils-1.2.0.tgz#a336a882602f37cdd2dbec50163ed8fcf176e35f"
  integrity sha512-YHvfHRaiKfUxqnNhU9xOweK+iKA4R6uNRdvJeYeY9vENeKOYSAULtrxhLo86wUZHkR2KNqn4Y1xVDzihN3Y28w==

"@types/hoist-non-react-statics@^3.3.1":
  version "3.3.1"
  resolved "https://registry.yarnpkg.com/@types/hoist-non-react-statics/-/hoist-non-react-statics-3.3.1.tgz#1124aafe5118cb591977aeb1ceaaed1070eb039f"
  integrity sha512-iMIqiko6ooLrTh1joXodJK5X9xeEALT1kM5G3ZLhD3hszxBdIEd5C75U834D9mLcINgD4OyZf5uQXjkuYydWvA==
  dependencies:
    "@types/react" "*"
    hoist-non-react-statics "^3.3.0"

"@types/invariant@^2.2.30":
  version "2.2.30"
  resolved "https://registry.yarnpkg.com/@types/invariant/-/invariant-2.2.30.tgz#20efa342807606ada5483731a8137cb1561e5fe9"
  integrity sha512-98fB+yo7imSD2F7PF7GIpELNgtLNgo5wjivu0W5V4jx+KVVJxo6p/qN4zdzSTBWy4/sN3pPyXwnhRSD28QX+ag==

"@types/prop-types@*":
  version "15.7.2"
  resolved "https://registry.yarnpkg.com/@types/prop-types/-/prop-types-15.7.2.tgz#0e58ae66773d7fd7c372a493aff740878ec9ceaa"
  integrity sha512-f8JzJNWVhKtc9dg/dyDNfliTKNOJSLa7Oht/ElZdF/UbMUmAH3rLmAk3ODNjw0mZajDEgatA03tRjB4+Dp/tzA==

"@types/react@*":
  version "16.9.2"
  resolved "https://registry.yarnpkg.com/@types/react/-/react-16.9.2.tgz#6d1765431a1ad1877979013906731aae373de268"
  integrity sha512-jYP2LWwlh+FTqGd9v7ynUKZzjj98T8x7Yclz479QdRhHfuW9yQ+0jjnD31eXSXutmBpppj5PYNLYLRfnZJvcfg==
  dependencies:
    "@types/prop-types" "*"
    csstype "^2.2.0"

base64util@~2.0.0:
  version "2.0.0"
  resolved "https://registry.yarnpkg.com/base64util/-/base64util-2.0.0.tgz#daf395c9f64d51d90cd2d9a91970ce2097e5e272"
  integrity sha512-2BEM45RIOrABqQLE9Lhrd+6XwTn8ASp0cyIg1VSaSjXbhbJ/E0HSwCnzgk5jvdV8Dn1IGKrQ6QAXu0u9xKsxfA==

country-telephone-data@~0.6.0:
  version "0.6.0"
  resolved "https://registry.yarnpkg.com/country-telephone-data/-/country-telephone-data-0.6.0.tgz#98711d3b2a692f7558f6ec74f88314c060daf39d"
  integrity sha512-cscLBeYt+Xo3VNc2H22oJz1oAGMBGP7ymWRSRUzl2oDZSIhjuhSF59RcpWtsz1nCsocrHSpH9dRrf0UiQiISeg==

csstype@^2.2.0:
  version "2.6.6"
  resolved "https://registry.yarnpkg.com/csstype/-/csstype-2.6.6.tgz#c34f8226a94bbb10c32cc0d714afdf942291fc41"
  integrity sha512-RpFbQGUE74iyPgvr46U9t1xoQBM8T4BL8SxrN66Le2xYAPSaDJJKeztV3awugusb3g3G9iL8StmkBBXhcbbXhg==

fn-name@~2.0.1:
  version "2.0.1"
  resolved "https://registry.yarnpkg.com/fn-name/-/fn-name-2.0.1.tgz#5214d7537a4d06a4a301c0cc262feb84188002e7"
  integrity sha1-UhTXU3pNBqSjAcDMJi/rhBiAAuc=

hoist-non-react-statics@^3.3.0:
  version "3.3.0"
  resolved "https://registry.yarnpkg.com/hoist-non-react-statics/-/hoist-non-react-statics-3.3.0.tgz#b09178f0122184fb95acf525daaecb4d8f45958b"
  integrity sha512-0XsbTXxgiaCDYDIWFcwkmerZPSwywfUqYmwT4jzewKTQSWoE6FCMoUVOeBJWK3E/CrWbxRG3m5GzY4lnIwGRBA==
  dependencies:
    react-is "^16.7.0"

immutable@^4.0.0-rc.12:
  version "4.0.0-rc.12"
  resolved "https://registry.yarnpkg.com/immutable/-/immutable-4.0.0-rc.12.tgz#ca59a7e4c19ae8d9bf74a97bdf0f6e2f2a5d0217"
  integrity sha512-0M2XxkZLx/mi3t8NVwIm1g8nHoEmM9p9UBl/G9k4+hm0kBgOVdMV/B3CY5dQ8qG8qc80NN4gDV4HQv6FTJ5q7A==

intl-format-cache@^4.1.22, intl-format-cache@^4.2.0:
  version "4.2.0"
  resolved "https://registry.yarnpkg.com/intl-format-cache/-/intl-format-cache-4.2.0.tgz#a0dd7bf33c50ea531e242f86f06d4a21e6d69a4f"
  integrity sha512-OePs43hKTwb7deaPGa6jF8EOIlMdfqrv7t5A9JIFgdFBGjaucuXlh5KXywGvVWjDTzBAU7/XMjkuOgutSOem6Q==

intl-locales-supported@^1.4.8:
  version "1.5.0"
  resolved "https://registry.yarnpkg.com/intl-locales-supported/-/intl-locales-supported-1.5.0.tgz#5025fb6bed369b30aa83e559cb892cf6881baacf"
  integrity sha512-VYLdcF3Z4b8UZ7tj3hxz9auSjIxpm18NLoUlgvt4I78vrskxstKqfKQlsuFpGE+n2RNkqrwlYo3D9QcYSjx4NA==

intl-messageformat-parser@^3.1.1, intl-messageformat-parser@^3.2.0:
  version "3.2.0"
  resolved "https://registry.yarnpkg.com/intl-messageformat-parser/-/intl-messageformat-parser-3.2.0.tgz#de7ba62cdc8edc80d2b21eb5ada1728b0fdff198"
  integrity sha512-07G+OTgIEsYIPpy793/EU14Slz03nqouODE+CGXlojw1gOF1IaUXk99EOlVdKsPwl95hUJon4dsp9D7/XPBDCw==

intl-messageformat@^7.2.4:
  version "7.3.0"
  resolved "https://registry.yarnpkg.com/intl-messageformat/-/intl-messageformat-7.3.0.tgz#ffc0a01a4afb8756b150278c4a26a5c14b632933"
  integrity sha512-0oZmhfX6avRhGm4HKvaYIjLMdF8/ziqSX3yS6f/vKVPMAWu1MStoXX8HmA9qdRWVlOwtstFgLu7gXnElFDdV9w==
  dependencies:
    intl-format-cache "^4.2.0"
    intl-messageformat-parser "^3.2.0"

invariant@^2.1.1:
  version "2.2.4"
  resolved "https://registry.yarnpkg.com/invariant/-/invariant-2.2.4.tgz#610f3c92c9359ce1db616e538008d23ff35158e6"
  integrity sha512-phJfQVBuaJM5raOpJjSfkiD6BpbCE4Ns//LaXl6wGYtUBY83nWS6Rf9tXm2e8VaK60JEjYldbPif/A2B1C2gNA==
  dependencies:
    loose-envify "^1.0.0"

"js-tokens@^3.0.0 || ^4.0.0":
  version "4.0.0"
  resolved "https://registry.yarnpkg.com/js-tokens/-/js-tokens-4.0.0.tgz#19203fb59991df98e3a287050d4647cdeaf32499"
  integrity sha512-RdJUflcE3cUzKiMqQgsCu06FPu9UdIJO0beYbPhHN4k6apgJtifcoCtT9bcxOpYBtpD2kCM6Sbzg4CausW/PKQ==

json-immutable@~0.4.0:
  version "0.4.0"
  resolved "https://registry.yarnpkg.com/json-immutable/-/json-immutable-0.4.0.tgz#4e6f1deac028d5178d1be7a133075c7dc69f02e2"
  integrity sha512-c0bh98o1EJxip3Orn4+3wQ+Rh0qlfZUlEefZ28wEijMVeM446yE3Ctyvx4OwBX+93DUXqP5SRfvs54JJzyTe0g==
  dependencies:
    json-stream-stringify "1.5.x"

json-stream-stringify@1.5.x:
  version "1.5.1"
  resolved "https://registry.yarnpkg.com/json-stream-stringify/-/json-stream-stringify-1.5.1.tgz#bab905aea92a2f130a4e142b78e66c8367a1064e"
  integrity sha1-urkFrqkqLxMKThQreOZsg2ehBk4=

lodash@^4.17.11:
  version "4.17.15"
  resolved "https://registry.yarnpkg.com/lodash/-/lodash-4.17.15.tgz#b447f6670a0455bbfeedd11392eff330ea097548"
  integrity sha512-8xOcRHvCjnocdS5cpwXQXVzmmh5e5+saE2QGoeQmbKmRS6J3VQppPOIt0MnmE+4xlZoumy0GPG0D0MVIQbNA1A==

loose-envify@^1.0.0:
  version "1.4.0"
  resolved "https://registry.yarnpkg.com/loose-envify/-/loose-envify-1.4.0.tgz#71ee51fa7be4caec1a63839f7e682d8132d30caf"
  integrity sha512-lyuxPGr/Wfhrlem2CL/UcnUc1zcqKAImBDzukY7Y5F/yQiNdko6+fRLevlw1HgMySw7f611UIY408EtxRSoK3Q==
  dependencies:
    js-tokens "^3.0.0 || ^4.0.0"

moment-timezone@~0.5.26:
  version "0.5.26"
  resolved "https://registry.yarnpkg.com/moment-timezone/-/moment-timezone-0.5.26.tgz#c0267ca09ae84631aa3dc33f65bedbe6e8e0d772"
  integrity sha512-sFP4cgEKTCymBBKgoxZjYzlSovC20Y6J7y3nanDc5RoBIXKlZhoYwBoZGe3flwU6A372AcRwScH8KiwV6zjy1g==
  dependencies:
    moment ">= 2.9.0"

"moment@>= 2.9.0", moment@~2.24.0:
  version "2.24.0"
  resolved "https://registry.yarnpkg.com/moment/-/moment-2.24.0.tgz#0d055d53f5052aa653c9f6eb68bb5d12bf5c2b5b"
  integrity sha512-bV7f+6l2QigeBBZSM/6yTNq4P2fNpSWj/0e7jQcy87A8e7o2nAfP/34/2ky5Vw4B9S446EtIhodAzkFCcR4dQg==

pako@~1.0.10:
  version "1.0.10"
  resolved "https://registry.yarnpkg.com/pako/-/pako-1.0.10.tgz#4328badb5086a426aa90f541977d4955da5c9732"
  integrity sha512-0DTvPVU3ed8+HNXOu5Bs+o//Mbdj9VNQMUOe9oKCwh8l0GNwpTDMKCWbRjgtD291AWnkAgkqA/LOnQS8AmS1tw==

property-expr@^1.5.0:
  version "1.5.1"
  resolved "https://registry.yarnpkg.com/property-expr/-/property-expr-1.5.1.tgz#22e8706894a0c8e28d58735804f6ba3a3673314f"
  integrity sha512-CGuc0VUTGthpJXL36ydB6jnbyOf/rAHFvmVrJlH+Rg0DqqLFQGAP6hIaxD/G0OAmBJPhXDHuEJigrp0e0wFV6g==

react-intl@~3.2.1:
  version "3.2.4"
  resolved "https://registry.yarnpkg.com/react-intl/-/react-intl-3.2.4.tgz#fdeb1e208b37b441f5dbf58e4a28338cb559b06f"
  integrity sha512-LKQRsXFO4K35DB9pl8vUreLXd7rf/Cpr4tYFtv17TFzIaiFHIAUF+xZIRW2laXUawADX7QZfxXgsL8McwAJfBQ==
  dependencies:
    "@formatjs/intl-relativetimeformat" "^3.1.0"
    "@formatjs/intl-unified-numberformat" "^0.5.0"
    "@types/hoist-non-react-statics" "^3.3.1"
    "@types/invariant" "^2.2.30"
    hoist-non-react-statics "^3.3.0"
    intl-format-cache "^4.1.22"
    intl-locales-supported "^1.4.8"
    intl-messageformat "^7.2.4"
    intl-messageformat-parser "^3.1.1"
    invariant "^2.1.1"
    shallow-equal "^1.1.0"

react-is@^16.7.0:
  version "16.9.0"
  resolved "https://registry.yarnpkg.com/react-is/-/react-is-16.9.0.tgz#21ca9561399aad0ff1a7701c01683e8ca981edcb"
  integrity sha512-tJBzzzIgnnRfEm046qRcURvwQnZVXmuCbscxUO5RWrGTXpon2d4c8mI0D8WE6ydVIm29JiLB6+RslkIvym9Rjw==

regenerator-runtime@^0.13.2:
  version "0.13.3"
  resolved "https://registry.yarnpkg.com/regenerator-runtime/-/regenerator-runtime-0.13.3.tgz#7cf6a77d8f5c6f60eb73c5fc1955b2ceb01e6bf5"
  integrity sha512-naKIZz2GQ8JWh///G7L3X6LaQUAMp2lvb1rvwwsURe/VXwD6VMfr+/1NuNw3ag8v2kY1aQ/go5SNn79O9JU7yw==

shallow-equal@^1.1.0:
  version "1.2.0"
  resolved "https://registry.yarnpkg.com/shallow-equal/-/shallow-equal-1.2.0.tgz#fd828d2029ff4e19569db7e19e535e94e2d1f5cc"
  integrity sha512-Z21pVxR4cXsfwpMKMhCEIO1PCi5sp7KEp+CmOpBQ+E8GpHwKOw2sEzk7sgblM3d/j4z4gakoWEoPcjK0VJQogA==

synchronous-promise@^2.0.6:
  version "2.0.10"
  resolved "https://registry.yarnpkg.com/synchronous-promise/-/synchronous-promise-2.0.10.tgz#e64c6fd3afd25f423963353043f4a68ebd397fd8"
  integrity sha512-6PC+JRGmNjiG3kJ56ZMNWDPL8hjyghF5cMXIFOKg+NiwwEZZIvxTWd0pinWKyD227odg9ygF8xVhhz7gb8Uq7A==

toposort@^2.0.2:
  version "2.0.2"
  resolved "https://registry.yarnpkg.com/toposort/-/toposort-2.0.2.tgz#ae21768175d1559d48bef35420b2f4962f09c330"
  integrity sha1-riF2gXXRVZ1IvvNUILL0li8JwzA=

utf8@~3.0.0:
  version "3.0.0"
  resolved "https://registry.yarnpkg.com/utf8/-/utf8-3.0.0.tgz#f052eed1364d696e769ef058b183df88c87f69d1"
  integrity sha512-E8VjFIQ/TyQgp+TZfS6l8yp/xWppSAHzidGiRrqe4bK4XP9pTRyKFgGJpO3SN7zdX4DeomTrwaseCHovfpFcqQ==

validator@~11.1.0:
  version "11.1.0"
  resolved "https://registry.yarnpkg.com/validator/-/validator-11.1.0.tgz#ac18cac42e0aa5902b603d7a5d9b7827e2346ac4"
  integrity sha512-qiQ5ktdO7CD6C/5/mYV4jku/7qnqzjrxb3C/Q5wR3vGGinHTgJZN/TdFT3ZX4vXhX2R1PXx42fB1cn5W+uJ4lg==

yup@^0.27.0:
  version "0.27.0"
  resolved "https://registry.yarnpkg.com/yup/-/yup-0.27.0.tgz#f8cb198c8e7dd2124beddc2457571329096b06e7"
  integrity sha512-v1yFnE4+u9za42gG/b/081E7uNW9mUj3qtkmelLbW5YPROZzSH/KUUyJu9Wt8vxFJcT9otL/eZopS0YK1L5yPQ==
  dependencies:
    "@babel/runtime" "^7.0.0"
    fn-name "~2.0.1"
    lodash "^4.17.11"
    property-expr "^1.5.0"
    synchronous-promise "^2.0.6"
    toposort "^2.0.2"
