# THIS IS AN AUTOGENERATED FILE. DO NOT EDIT THIS FILE DIRECTLY.
# yarn lockfile v1


base64util@~2.0.0:
  version "2.0.0"
  resolved "https://registry.yarnpkg.com/base64util/-/base64util-2.0.0.tgz#daf395c9f64d51d90cd2d9a91970ce2097e5e272"
  integrity sha512-2BEM45RIOrABqQLE9Lhrd+6XwTn8ASp0cyIg1VSaSjXbhbJ/E0HSwCnzgk5jvdV8Dn1IGKrQ6QAXu0u9xKsxfA==

country-telephone-data@~0.6.0:
  version "0.6.0"
  resolved "https://registry.yarnpkg.com/country-telephone-data/-/country-telephone-data-0.6.0.tgz#98711d3b2a692f7558f6ec74f88314c060daf39d"
  integrity sha512-cscLBeYt+Xo3VNc2H22oJz1oAGMBGP7ymWRSRUzl2oDZSIhjuhSF59RcpWtsz1nCsocrHSpH9dRrf0UiQiISeg==

hoist-non-react-statics@^3.3.0:
  version "3.3.0"
  resolved "https://registry.yarnpkg.com/hoist-non-react-statics/-/hoist-non-react-statics-3.3.0.tgz#b09178f0122184fb95acf525daaecb4d8f45958b"
  integrity sha512-0XsbTXxgiaCDYDIWFcwkmerZPSwywfUqYmwT4jzewKTQSWoE6FCMoUVOeBJWK3E/CrWbxRG3m5GzY4lnIwGRBA==
  dependencies:
    react-is "^16.7.0"

immutable@^4.0.0-rc.12:
  version "4.0.0-rc.12"
  resolved "https://registry.yarnpkg.com/immutable/-/immutable-4.0.0-rc.12.tgz#ca59a7e4c19ae8d9bf74a97bdf0f6e2f2a5d0217"
  integrity sha512-0M2XxkZLx/mi3t8NVwIm1g8nHoEmM9p9UBl/G9k4+hm0kBgOVdMV/B3CY5dQ8qG8qc80NN4gDV4HQv6FTJ5q7A==

intl-format-cache@^2.0.5:
  version "2.2.9"
  resolved "https://registry.yarnpkg.com/intl-format-cache/-/intl-format-cache-2.2.9.tgz#fb560de20c549cda20b569cf1ffb6dc62b5b93b4"
  integrity sha512-Zv/u8wRpekckv0cLkwpVdABYST4hZNTDaX7reFetrYTJwxExR2VyTqQm+l0WmL0Qo8Mjb9Tf33qnfj0T7pjxdQ==

intl-messageformat-parser@1.4.0:
  version "1.4.0"
  resolved "https://registry.yarnpkg.com/intl-messageformat-parser/-/intl-messageformat-parser-1.4.0.tgz#b43d45a97468cadbe44331d74bb1e8dea44fc075"
  integrity sha1-tD1FqXRoytvkQzHXS7Ho3qRPwHU=

intl-messageformat@^2.0.0, intl-messageformat@^2.1.0:
  version "2.2.0"
  resolved "https://registry.yarnpkg.com/intl-messageformat/-/intl-messageformat-2.2.0.tgz#345bcd46de630b7683330c2e52177ff5eab484fc"
  integrity sha1-NFvNRt5jC3aDMwwuUhd/9eq0hPw=
  dependencies:
    intl-messageformat-parser "1.4.0"

intl-relativeformat@^2.1.0:
  version "2.2.0"
  resolved "https://registry.yarnpkg.com/intl-relativeformat/-/intl-relativeformat-2.2.0.tgz#6aca95d019ec8d30b6c5653b6629f9983ea5b6c5"
  integrity sha512-4bV/7kSKaPEmu6ArxXf9xjv1ny74Zkwuey8Pm01NH4zggPP7JHwg2STk8Y3JdspCKRDriwIyLRfEXnj2ZLr4Bw==
  dependencies:
    intl-messageformat "^2.0.0"

invariant@^2.1.1:
  version "2.2.4"
  resolved "https://registry.yarnpkg.com/invariant/-/invariant-2.2.4.tgz#610f3c92c9359ce1db616e538008d23ff35158e6"
  integrity sha512-phJfQVBuaJM5raOpJjSfkiD6BpbCE4Ns//LaXl6wGYtUBY83nWS6Rf9tXm2e8VaK60JEjYldbPif/A2B1C2gNA==
  dependencies:
    loose-envify "^1.0.0"

"js-tokens@^3.0.0 || ^4.0.0":
  version "4.0.0"
  resolved "https://registry.yarnpkg.com/js-tokens/-/js-tokens-4.0.0.tgz#19203fb59991df98e3a287050d4647cdeaf32499"
  integrity sha512-RdJUflcE3cUzKiMqQgsCu06FPu9UdIJO0beYbPhHN4k6apgJtifcoCtT9bcxOpYBtpD2kCM6Sbzg4CausW/PKQ==

json-immutable@~0.4.0:
  version "0.4.0"
  resolved "https://registry.yarnpkg.com/json-immutable/-/json-immutable-0.4.0.tgz#4e6f1deac028d5178d1be7a133075c7dc69f02e2"
  integrity sha512-c0bh98o1EJxip3Orn4+3wQ+Rh0qlfZUlEefZ28wEijMVeM446yE3Ctyvx4OwBX+93DUXqP5SRfvs54JJzyTe0g==
  dependencies:
    json-stream-stringify "1.5.x"

json-stream-stringify@1.5.x:
  version "1.5.1"
  resolved "https://registry.yarnpkg.com/json-stream-stringify/-/json-stream-stringify-1.5.1.tgz#bab905aea92a2f130a4e142b78e66c8367a1064e"
  integrity sha1-urkFrqkqLxMKThQreOZsg2ehBk4=

loose-envify@^1.0.0:
  version "1.4.0"
  resolved "https://registry.yarnpkg.com/loose-envify/-/loose-envify-1.4.0.tgz#71ee51fa7be4caec1a63839f7e682d8132d30caf"
  integrity sha512-lyuxPGr/Wfhrlem2CL/UcnUc1zcqKAImBDzukY7Y5F/yQiNdko6+fRLevlw1HgMySw7f611UIY408EtxRSoK3Q==
  dependencies:
    js-tokens "^3.0.0 || ^4.0.0"

moment-timezone@~0.5.26:
  version "0.5.26"
  resolved "https://registry.yarnpkg.com/moment-timezone/-/moment-timezone-0.5.26.tgz#c0267ca09ae84631aa3dc33f65bedbe6e8e0d772"
  integrity sha512-sFP4cgEKTCymBBKgoxZjYzlSovC20Y6J7y3nanDc5RoBIXKlZhoYwBoZGe3flwU6A372AcRwScH8KiwV6zjy1g==
  dependencies:
    moment ">= 2.9.0"

"moment@>= 2.9.0", moment@~2.24.0:
  version "2.24.0"
  resolved "https://registry.yarnpkg.com/moment/-/moment-2.24.0.tgz#0d055d53f5052aa653c9f6eb68bb5d12bf5c2b5b"
  integrity sha512-bV7f+6l2QigeBBZSM/6yTNq4P2fNpSWj/0e7jQcy87A8e7o2nAfP/34/2ky5Vw4B9S446EtIhodAzkFCcR4dQg==

pako@~1.0.10:
  version "1.0.10"
  resolved "https://registry.yarnpkg.com/pako/-/pako-1.0.10.tgz#4328badb5086a426aa90f541977d4955da5c9732"
  integrity sha512-0DTvPVU3ed8+HNXOu5Bs+o//Mbdj9VNQMUOe9oKCwh8l0GNwpTDMKCWbRjgtD291AWnkAgkqA/LOnQS8AmS1tw==

react-intl@~2.9.0:
  version "2.9.0"
  resolved "https://registry.yarnpkg.com/react-intl/-/react-intl-2.9.0.tgz#c97c5d17d4718f1575fdbd5a769f96018a3b1843"
  integrity sha512-27jnDlb/d2A7mSJwrbOBnUgD+rPep+abmoJE511Tf8BnoONIAUehy/U1zZCHGO17mnOwMWxqN4qC0nW11cD6rA==
  dependencies:
    hoist-non-react-statics "^3.3.0"
    intl-format-cache "^2.0.5"
    intl-messageformat "^2.1.0"
    intl-relativeformat "^2.1.0"
    invariant "^2.1.1"

react-is@^16.7.0:
  version "16.8.6"
  resolved "https://registry.yarnpkg.com/react-is/-/react-is-16.8.6.tgz#5bbc1e2d29141c9fbdfed456343fe2bc430a6a16"
  integrity sha512-aUk3bHfZ2bRSVFFbbeVS4i+lNPZr3/WM5jT2J5omUVV1zzcs1nAaf3l51ctA5FFvCRbhrH0bdAsRRQddFJZPtA==

utf8@~3.0.0:
  version "3.0.0"
  resolved "https://registry.yarnpkg.com/utf8/-/utf8-3.0.0.tgz#f052eed1364d696e769ef058b183df88c87f69d1"
  integrity sha512-E8VjFIQ/TyQgp+TZfS6l8yp/xWppSAHzidGiRrqe4bK4XP9pTRyKFgGJpO3SN7zdX4DeomTrwaseCHovfpFcqQ==

validator@~11.1.0:
  version "11.1.0"
  resolved "https://registry.yarnpkg.com/validator/-/validator-11.1.0.tgz#ac18cac42e0aa5902b603d7a5d9b7827e2346ac4"
  integrity sha512-qiQ5ktdO7CD6C/5/mYV4jku/7qnqzjrxb3C/Q5wR3vGGinHTgJZN/TdFT3ZX4vXhX2R1PXx42fB1cn5W+uJ4lg==
